// !$*UTF8*$!
{
	archiveVersion = 1;
	classes = {
	};
	objectVersion = 46;
	objects = {

/* Begin PBXBuildFile section */
		F66AB8EA1D261118006E312F /* AppDelegate.swift in Sources */ = {isa = PBXBuildFile; fileRef = F66AB8E91D261118006E312F /* AppDelegate.swift */; };
		F66AB8EC1D261118006E312F /* ViewController.swift in Sources */ = {isa = PBXBuildFile; fileRef = F66AB8EB1D261118006E312F /* ViewController.swift */; };
		F66AB8EF1D261118006E312F /* Main.storyboard in Resources */ = {isa = PBXBuildFile; fileRef = F66AB8ED1D261118006E312F /* Main.storyboard */; };
		F66AB8F11D261118006E312F /* Assets.xcassets in Resources */ = {isa = PBXBuildFile; fileRef = F66AB8F01D261118006E312F /* Assets.xcassets */; };
		F66AB8F41D261118006E312F /* LaunchScreen.storyboard in Resources */ = {isa = PBXBuildFile; fileRef = F66AB8F21D261118006E312F /* LaunchScreen.storyboard */; };
/* End PBXBuildFile section */

/* Begin PBXFileReference section */
		F66AB8E61D261118006E312F /* TapMe.app */ = {isa = PBXFileReference; explicitFileType = wrapper.application; includeInIndex = 0; path = TapMe.app; sourceTree = BUILT_PRODUCTS_DIR; };
		F66AB8E91D261118006E312F /* AppDelegate.swift */ = {isa = PBXFileReference; lastKnownFileType = sourcecode.swift; path = AppDelegate.swift; sourceTree = "<group>"; };
		F66AB8EB1D261118006E312F /* ViewController.swift */ = {isa = PBXFileReference; lastKnownFileType = sourcecode.swift; path = ViewController.swift; sourceTree = "<group>"; };
		F66AB8EE1D261118006E312F /* Base */ = {isa = PBXFileReference; lastKnownFileType = file.storyboard; name = Base; path = Base.lproj/Main.storyboard; sourceTree = "<group>"; };
		F66AB8F01D261118006E312F /* Assets.xcassets */ = {isa = PBXFileReference; lastKnownFileType = folder.assetcatalog; path = Assets.xcassets; sourceTree = "<group>"; };
		F66AB8F31D261118006E312F /* Base */ = {isa = PBXFileReference; lastKnownFileType = file.storyboard; name = Base; path = Base.lproj/LaunchScreen.storyboard; sourceTree = "<group>"; };
		F66AB8F51D261118006E312F /* Info.plist */ = {isa = PBXFileReference; lastKnownFileType = text.plist.xml; path = Info.plist; sourceTree = "<group>"; };
/* End PBXFileReference section */

/* Begin PBXFrameworksBuildPhase section */
		F66AB8E31D261118006E312F /* Frameworks */ = {
			isa = PBXFrameworksBuildPhase;
			buildActionMask = 2147483647;
			files = (
			);
			runOnlyForDeploymentPostprocessing = 0;
		};
/* End PBXFrameworksBuildPhase section */

/* Begin PBXGroup section */
		F66AB8DD1D261118006E312F = {
			isa = PBXGroup;
			children = (
				F66AB8E81D261118006E312F /* TapMe */,
				F66AB8E71D261118006E312F /* Products */,
			);
			sourceTree = "<group>";
		};
		F66AB8E71D261118006E312F /* Products */ = {
			isa = PBXGroup;
			children = (
				F66AB8E61D261118006E312F /* TapMe.app */,
			);
			name = Products;
			sourceTree = "<group>";
		};
		F66AB8E81D261118006E312F /* TapMe */ = {
			isa = PBXGroup;
			children = (
				F66AB8E91D261118006E312F /* AppDelegate.swift */,
				F66AB8EB1D261118006E312F /* ViewController.swift */,
				F66AB8ED1D261118006E312F /* Main.storyboard */,
				F66AB8F01D261118006E312F /* Assets.xcassets */,
				F66AB8F21D261118006E312F /* LaunchScreen.storyboard */,
				F66AB8F51D261118006E312F /* Info.plist */,
			);
			path = TapMe;
			sourceTree = "<group>";
		};
/* End PBXGroup section */

/* Begin PBXNativeTarget section */
		F66AB8E51D261118006E312F /* TapMe */ = {
			isa = PBXNativeTarget;
			buildConfigurationList = F66AB8F81D261118006E312F /* Build configuration list for PBXNativeTarget "TapMe" */;
			buildPhases = (
				F66AB8E21D261118006E312F /* Sources */,
				F66AB8E31D261118006E312F /* Frameworks */,
				F66AB8E41D261118006E312F /* Resources */,
			);
			buildRules = (
			);
			dependencies = (
			);
			name = TapMe;
			productName = TapMe;
			productReference = F66AB8E61D261118006E312F /* TapMe.app */;
			productType = "com.apple.product-type.application";
		};
/* End PBXNativeTarget section */

/* Begin PBXProject section */
		F66AB8DE1D261118006E312F /* Project object */ = {
			isa = PBXProject;
			attributes = {
				LastSwiftUpdateCheck = 0730;
				LastUpgradeCheck = 0730;
				ORGANIZATIONNAME = "Shrijan Aryal";
				TargetAttributes = {
					F66AB8E51D261118006E312F = {
						CreatedOnToolsVersion = 7.3.1;
					};
				};
			};
			buildConfigurationList = F66AB8E11D261118006E312F /* Build configuration list for PBXProject "TapMe" */;
			compatibilityVersion = "Xcode 3.2";
			developmentRegion = English;
			hasScannedForEncodings = 0;
			knownRegions = (
				en,
				Base,
			);
			mainGroup = F66AB8DD1D261118006E312F;
			productRefGroup = F66AB8E71D261118006E312F /* Products */;
			projectDirPath = "";
			projectRoot = "";
			targets = (
				F66AB8E51D261118006E312F /* TapMe */,
			);
		};
/* End PBXProject section */

/* Begin PBXResourcesBuildPhase section */
		F66AB8E41D261118006E312F /* Resources */ = {
			isa = PBXResourcesBuildPhase;
			buildActionMask = 2147483647;
			files = (
				F66AB8F41D261118006E312F /* LaunchScreen.storyboard in Resources */,
				F66AB8F11D261118006E312F /* Assets.xcassets in Resources */,
				F66AB8EF1D261118006E312F /* Main.storyboard in Resources */,
			);
			runOnlyForDeploymentPostprocessing = 0;
		};
/* End PBXResourcesBuildPhase section */

/* Begin PBXSourcesBuildPhase section */
		F66AB8E21D261118006E312F /* Sources */ = {
			isa = PBXSourcesBuildPhase;
			buildActionMask = 2147483647;
			files = (
				F66AB8EC1D261118006E312F /* ViewController.swift in Sources */,
				F66AB8EA1D261118006E312F /* AppDelegate.swift in Sources */,
			);
			runOnlyForDeploymentPostprocessing = 0;
		};
/* End PBXSourcesBuildPhase section */

/* Begin PBXVariantGroup section */
		F66AB8ED1D261118006E312F /* Main.storyboard */ = {
			isa = PBXVariantGroup;
			children = (
				F66AB8EE1D261118006E312F /* Base */,
			);
			name = Main.storyboard;
			sourceTree = "<group>";
		};
		F66AB8F21D261118006E312F /* LaunchScreen.storyboard */ = {
			isa = PBXVariantGroup;
			children = (
				F66AB8F31D261118006E312F /* Base */,
			);
			name = LaunchScreen.storyboard;
			sourceTree = "<group>";
		};
/* End PBXVariantGroup section */

/* Begin XCBuildConfiguration section */
		F66AB8F61D261118006E312F /* Debug */ = {
			isa = XCBuildConfiguration;
			buildSettings = {
				ALWAYS_SEARCH_USER_PATHS = NO;
				CLANG_ANALYZER_NONNULL = YES;
				CLANG_CXX_LANGUAGE_STANDARD = "gnu++0x";
				CLANG_CXX_LIBRARY = "libc++";
				CLANG_ENABLE_MODULES = YES;
				CLANG_ENABLE_OBJC_ARC = YES;
				CLANG_WARN_BOOL_CONVERSION = YES;
				CLANG_WARN_CONSTANT_CONVERSION = YES;
				CLANG_WARN_DIRECT_OBJC_ISA_USAGE = YES_ERROR;
				CLANG_WARN_EMPTY_BODY = YES;
				CLANG_WARN_ENUM_CONVERSION = YES;
				CLANG_WARN_INT_CONVERSION = YES;
				CLANG_WARN_OBJC_ROOT_CLASS = YES_ERROR;
				CLANG_WARN_UNREACHABLE_CODE = YES;
				CLANG_WARN__DUPLICATE_METHOD_MATCH = YES;
				"CODE_SIGN_IDENTITY[sdk=iphoneos*]" = "iPhone Developer";
				COPY_PHASE_STRIP = NO;
				DEBUG_INFORMATION_FORMAT = dwarf;
				ENABLE_STRICT_OBJC_MSGSEND = YES;
				ENABLE_TESTABILITY = YES;
				GCC_C_LANGUAGE_STANDARD = gnu99;
				GCC_DYNAMIC_NO_PIC = NO;
				GCC_NO_COMMON_BLOCKS = YES;
				GCC_OPTIMIZATION_LEVEL = 0;
				GCC_PREPROCESSOR_DEFINITIONS = (
					"DEBUG=1",
					"$(inherited)",
				);
				GCC_WARN_64_TO_32_BIT_CONVERSION = YES;
				GCC_WARN_ABOUT_RETURN_TYPE = YES_ERROR;
				GCC_WARN_UNDECLARED_SELECTOR = YES;
				GCC_WARN_UNINITIALIZED_AUTOS = YES_AGGRESSIVE;
				GCC_WARN_UNUSED_FUNCTION = YES;
				GCC_WARN_UNUSED_VARIABLE = YES;
				IPHONEOS_DEPLOYMENT_TARGET = 9.3;
				MTL_ENABLE_DEBUG_INFO = YES;
				ONLY_ACTIVE_ARCH = YES;
				SDKROOT = iphoneos;
				SWIFT_OPTIMIZATION_LEVEL = "-Onone";
			};
			name = Debug;
		};
		F66AB8F71D261118006E312F /* Release */ = {
			isa = XCBuildConfiguration;
			buildSettings = {
				ALWAYS_SEARCH_USER_PATHS = NO;
				CLANG_ANALYZER_NONNULL = YES;
				CLANG_CXX_LANGUAGE_STANDARD = "gnu++0x";
				CLANG_CXX_LIBRARY = "libc++";
				CLANG_ENABLE_MODULES = YES;
				CLANG_ENABLE_OBJC_ARC = YES;
				CLANG_WARN_BOOL_CONVERSION = YES;
				CLANG_WARN_CONSTANT_CONVERSION = YES;
				CLANG_WARN_DIRECT_OBJC_ISA_USAGE = YES_ERROR;
				CLANG_WARN_EMPTY_BODY = YES;
				CLANG_WARN_ENUM_CONVERSION = YES;
				CLANG_WARN_INT_CONVERSION = YES;
				CLANG_WARN_OBJC_ROOT_CLASS = YES_ERROR;
				CLANG_WARN_UNREACHABLE_CODE = YES;
				CLANG_WARN__DUPLICATE_METHOD_MATCH = YES;
				"CODE_SIGN_IDENTITY[sdk=iphoneos*]" = "iPhone Developer";
				COPY_PHASE_STRIP = NO;
				DEBUG_INFORMATION_FORMAT = "dwarf-with-dsym";
				ENABLE_NS_ASSERTIONS = NO;
				ENABLE_STRICT_OBJC_MSGSEND = YES;
				GCC_C_LANGUAGE_STANDARD = gnu99;
				GCC_NO_COMMON_BLOCKS = YES;
				GCC_WARN_64_TO_32_BIT_CONVERSION = YES;
				GCC_WARN_ABOUT_RETURN_TYPE = YES_ERROR;
				GCC_WARN_UNDECLARED_SELECTOR = YES;
				GCC_WARN_UNINITIALIZED_AUTOS = YES_AGGRESSIVE;
				GCC_WARN_UNUSED_FUNCTION = YES;
				GCC_WARN_UNUSED_VARIABLE = YES;
				IPHONEOS_DEPLOYMENT_TARGET = 9.3;
				MTL_ENABLE_DEBUG_INFO = NO;
				SDKROOT = iphoneos;
				VALIDATE_PRODUCT = YES;
			};
			name = Release;
		};
		F66AB8F91D261118006E312F /* Debug */ = {
			isa = XCBuildConfiguration;
			buildSettings = {
				ASSETCATALOG_COMPILER_APPICON_NAME = AppIcon;
				INFOPLIST_FILE = TapMe/Info.plist;
				LD_RUNPATH_SEARCH_PATHS = "$(inherited) @executable_path/Frameworks";
				PRODUCT_BUNDLE_IDENTIFIER = shrijanaryal.TapMe;
				PRODUCT_NAME = "$(TARGET_NAME)";
			};
			name = Debug;
		};
		F66AB8FA1D261118006E312F /* Release */ = {
			isa = XCBuildConfiguration;
			buildSettings = {
				ASSETCATALOG_COMPILER_APPICON_NAME = AppIcon;
				INFOPLIST_FILE = TapMe/Info.plist;
				LD_RUNPATH_SEARCH_PATHS = "$(inherited) @executable_path/Frameworks";
				PRODUCT_BUNDLE_IDENTIFIER = shrijanaryal.TapMe;
				PRODUCT_NAME = "$(TARGET_NAME)";
			};
			name = Release;
		};
/* End XCBuildConfiguration section */

/* Begin XCConfigurationList section */
		F66AB8E11D261118006E312F /* Build configuration list for PBXProject "TapMe" */ = {
			isa = XCConfigurationList;
			buildConfigurations = (
				F66AB8F61D261118006E312F /* Debug */,
				F66AB8F71D261118006E312F /* Release */,
			);
			defaultConfigurationIsVisible = 0;
			defaultConfigurationName = Release;
		};
		F66AB8F81D261118006E312F /* Build configuration list for PBXNativeTarget "TapMe" */ = {
			isa = XCConfigurationList;
			buildConfigurations = (
				F66AB8F91D261118006E312F /* Debug */,
				F66AB8FA1D261118006E312F /* Release */,
			);
			defaultConfigurationIsVisible = 0;
		};
/* End XCConfigurationList section */
	};
	rootObject = F66AB8DE1D261118006E312F /* Project object */;
}
